
Microsoft Visual Studio Solution File, Format Version 12.00
# Visual Studio Version 16
VisualStudioVersion = 16.0.30503.244
MinimumVisualStudioVersion = 10.0.40219.1
Project("{FAE04EC0-301F-11D3-BF4B-00C04F79EFBC}") = "Semaforo", "Semaforo\Semaforo.csproj", "{AF392504-889D-4BF9-9EFC-795F9D8BC4BD}"
EndProject
Global
	GlobalSection(SolutionConfigurationPlatforms) = preSolution
		Debug|Any CPU = Debug|Any CPU
		Release|Any CPU = Release|Any CPU
	EndGlobalSection
	GlobalSection(ProjectConfigurationPlatforms) = postSolution
		{AF392504-889D-4BF9-9EFC-795F9D8BC4BD}.Debug|Any CPU.ActiveCfg = Debug|Any CPU
		{AF392504-889D-4BF9-9EFC-795F9D8BC4BD}.Debug|Any CPU.Build.0 = Debug|Any CPU
		{AF392504-889D-4BF9-9EFC-795F9D8BC4BD}.Release|Any CPU.ActiveCfg = Release|Any CPU
		{AF392504-889D-4BF9-9EFC-795F9D8BC4BD}.Release|Any CPU.Build.0 = Release|Any CPU
	EndGlobalSection
	GlobalSection(SolutionProperties) = preSolution
		HideSolutionNode = FALSE
	EndGlobalSection
	GlobalSection(ExtensibilityGlobals) = postSolution
		SolutionGuid = {0CC06CFA-0E40-4EEE-A4E9-F4E3DE01CF0F}
	EndGlobalSection
EndGlobal
